
Microsoft Visual Studio Solution File, Format Version 12.00
# Visual Studio Version 17
VisualStudioVersion = 17.11.35312.102
MinimumVisualStudioVersion = 10.0.40219.1
Project("{FAE04EC0-301F-11D3-BF4B-00C04F79EFBC}") = "StarForm", "StarForm\StarForm.csproj", "{A8762625-42DD-4DAA-8A9D-6BBBB9F0BE82}"
EndProject
Global
	GlobalSection(SolutionConfigurationPlatforms) = preSolution
		Debug|Any CPU = Debug|Any CPU
		Release|Any CPU = Release|Any CPU
	EndGlobalSection
	GlobalSection(ProjectConfigurationPlatforms) = postSolution
		{A8762625-42DD-4DAA-8A9D-6BBBB9F0BE82}.Debug|Any CPU.ActiveCfg = Debug|Any CPU
		{A8762625-42DD-4DAA-8A9D-6BBBB9F0BE82}.Debug|Any CPU.Build.0 = Debug|Any CPU
		{A8762625-42DD-4DAA-8A9D-6BBBB9F0BE82}.Release|Any CPU.ActiveCfg = Release|Any CPU
		{A8762625-42DD-4DAA-8A9D-6BBBB9F0BE82}.Release|Any CPU.Build.0 = Release|Any CPU
	EndGlobalSection
	GlobalSection(SolutionProperties) = preSolution
		HideSolutionNode = FALSE
	EndGlobalSection
	GlobalSection(ExtensibilityGlobals) = postSolution
		SolutionGuid = {F2C23AED-C708-4B8E-B0FC-02814A90C400}
	EndGlobalSection
EndGlobal
